// !$*UTF8*$!
{
	archiveVersion = 1;
	classes = {
	};
	objectVersion = 46;
	objects = {

/* Begin PBXBuildFile section */
		470E67FF1882C664001A0272 /* CFNetwork.framework in Frameworks */ = {isa = PBXBuildFile; fileRef = 470E67FE1882C664001A0272 /* CFNetwork.framework */; };
		470E68011882C6C1001A0272 /* SystemConfiguration.framework in Frameworks */ = {isa = PBXBuildFile; fileRef = 470E68001882C6C1001A0272 /* SystemConfiguration.framework */; };
		470E68031882C6D1001A0272 /* CoreServices.framework in Frameworks */ = {isa = PBXBuildFile; fileRef = 470E68021882C6D1001A0272 /* CoreServices.framework */; };
		470E681C1882C6FE001A0272 /* ASIDataCompressor.m in Sources */ = {isa = PBXBuildFile; fileRef = 470E68081882C6FE001A0272 /* ASIDataCompressor.m */; settings = {COMPILER_FLAGS = "-fno-objc-arc"; }; };
		470E681D1882C6FE001A0272 /* ASIDataDecompressor.m in Sources */ = {isa = PBXBuildFile; fileRef = 470E680A1882C6FE001A0272 /* ASIDataDecompressor.m */; settings = {COMPILER_FLAGS = "-fno-objc-arc"; }; };
		470E681E1882C6FE001A0272 /* ASIDownloadCache.m in Sources */ = {isa = PBXBuildFile; fileRef = 470E680C1882C6FE001A0272 /* ASIDownloadCache.m */; settings = {COMPILER_FLAGS = "-fno-objc-arc"; }; };
		470E681F1882C6FE001A0272 /* ASIFormDataRequest.m in Sources */ = {isa = PBXBuildFile; fileRef = 470E680E1882C6FE001A0272 /* ASIFormDataRequest.m */; settings = {COMPILER_FLAGS = "-fno-objc-arc"; }; };
		470E68201882C6FE001A0272 /* ASIHTTPRequest.m in Sources */ = {isa = PBXBuildFile; fileRef = 470E68101882C6FE001A0272 /* ASIHTTPRequest.m */; settings = {COMPILER_FLAGS = "-fno-objc-arc"; }; };
		470E68211882C6FE001A0272 /* ASIInputStream.m in Sources */ = {isa = PBXBuildFile; fileRef = 470E68141882C6FE001A0272 /* ASIInputStream.m */; settings = {COMPILER_FLAGS = "-fno-objc-arc"; }; };
		470E68221882C6FE001A0272 /* ASINetworkQueue.m in Sources */ = {isa = PBXBuildFile; fileRef = 470E68161882C6FE001A0272 /* ASINetworkQueue.m */; settings = {COMPILER_FLAGS = "-fno-objc-arc"; }; };
		470E68231882C6FE001A0272 /* ASIWebPageRequest in Resources */ = {isa = PBXBuildFile; fileRef = 470E68181882C6FE001A0272 /* ASIWebPageRequest */; };
		470E68241882C6FE001A0272 /* CloudFiles in Resources */ = {isa = PBXBuildFile; fileRef = 470E68191882C6FE001A0272 /* CloudFiles */; };
		470E68251882C6FE001A0272 /* S3 in Resources */ = {isa = PBXBuildFile; fileRef = 470E681A1882C6FE001A0272 /* S3 */; };
		470E682C1882C91B001A0272 /* libz.dylib in Frameworks */ = {isa = PBXBuildFile; fileRef = 470E682B1882C91B001A0272 /* libz.dylib */; };
		4732B96415FCCF7C00CB7C2B /* Cocoa.framework in Frameworks */ = {isa = PBXBuildFile; fileRef = 4732B96315FCCF7C00CB7C2B /* Cocoa.framework */; };
		4732B96E15FCCF7C00CB7C2B /* InfoPlist.strings in Resources */ = {isa = PBXBuildFile; fileRef = 4732B96C15FCCF7C00CB7C2B /* InfoPlist.strings */; };
		4732B97015FCCF7C00CB7C2B /* main.m in Sources */ = {isa = PBXBuildFile; fileRef = 4732B96F15FCCF7C00CB7C2B /* main.m */; };
		4732B97415FCCF7C00CB7C2B /* Credits.rtf in Resources */ = {isa = PBXBuildFile; fileRef = 4732B97215FCCF7C00CB7C2B /* Credits.rtf */; };
		4732B97715FCCF7C00CB7C2B /* AppDelegate.m in Sources */ = {isa = PBXBuildFile; fileRef = 4732B97615FCCF7C00CB7C2B /* AppDelegate.m */; };
		4732B97A15FCCF7C00CB7C2B /* MainMenu.xib in Resources */ = {isa = PBXBuildFile; fileRef = 4732B97815FCCF7C00CB7C2B /* MainMenu.xib */; };
		4732B98D15FCD03500CB7C2B /* Security.framework in Frameworks */ = {isa = PBXBuildFile; fileRef = 4732B98C15FCD03500CB7C2B /* Security.framework */; };
		4732B99715FCD76400CB7C2B /* icon.icns in Resources */ = {isa = PBXBuildFile; fileRef = 4732B99615FCD76400CB7C2B /* icon.icns */; };
		4732B99915FCD85E00CB7C2B /* README in Resources */ = {isa = PBXBuildFile; fileRef = 4732B99815FCD85E00CB7C2B /* README */; };
		4775A904187EDAED006D7E5C /* Foundation.framework in Frameworks */ = {isa = PBXBuildFile; fileRef = 4732B96815FCCF7C00CB7C2B /* Foundation.framework */; };
		47E271971901424200304DED /* icon@2x.icns in Resources */ = {isa = PBXBuildFile; fileRef = 47E271961901424200304DED /* icon@2x.icns */; };
		47E271991901479F00304DED /* Images.xcassets in Resources */ = {isa = PBXBuildFile; fileRef = 47E271981901479F00304DED /* Images.xcassets */; };
/* End PBXBuildFile section */

/* Begin PBXFileReference section */
		470E67F018817A0E001A0272 /* CoreData.framework */ = {isa = PBXFileReference; lastKnownFileType = wrapper.framework; name = CoreData.framework; path = System/Library/Frameworks/CoreData.framework; sourceTree = SDKROOT; };
		470E67FE1882C664001A0272 /* CFNetwork.framework */ = {isa = PBXFileReference; lastKnownFileType = wrapper.framework; name = CFNetwork.framework; path = System/Library/Frameworks/CFNetwork.framework; sourceTree = SDKROOT; };
		470E68001882C6C1001A0272 /* SystemConfiguration.framework */ = {isa = PBXFileReference; lastKnownFileType = wrapper.framework; name = SystemConfiguration.framework; path = System/Library/Frameworks/SystemConfiguration.framework; sourceTree = SDKROOT; };
		470E68021882C6D1001A0272 /* CoreServices.framework */ = {isa = PBXFileReference; lastKnownFileType = wrapper.framework; name = CoreServices.framework; path = System/Library/Frameworks/CoreServices.framework; sourceTree = SDKROOT; };
		470E68061882C6FE001A0272 /* ASICacheDelegate.h */ = {isa = PBXFileReference; fileEncoding = 4; lastKnownFileType = sourcecode.c.h; path = ASICacheDelegate.h; sourceTree = "<group>"; };
		470E68071882C6FE001A0272 /* ASIDataCompressor.h */ = {isa = PBXFileReference; fileEncoding = 4; lastKnownFileType = sourcecode.c.h; path = ASIDataCompressor.h; sourceTree = "<group>"; };
		470E68081882C6FE001A0272 /* ASIDataCompressor.m */ = {isa = PBXFileReference; fileEncoding = 4; lastKnownFileType = sourcecode.c.objc; path = ASIDataCompressor.m; sourceTree = "<group>"; };
		470E68091882C6FE001A0272 /* ASIDataDecompressor.h */ = {isa = PBXFileReference; fileEncoding = 4; lastKnownFileType = sourcecode.c.h; path = ASIDataDecompressor.h; sourceTree = "<group>"; };
		470E680A1882C6FE001A0272 /* ASIDataDecompressor.m */ = {isa = PBXFileReference; fileEncoding = 4; lastKnownFileType = sourcecode.c.objc; path = ASIDataDecompressor.m; sourceTree = "<group>"; };
		470E680B1882C6FE001A0272 /* ASIDownloadCache.h */ = {isa = PBXFileReference; fileEncoding = 4; lastKnownFileType = sourcecode.c.h; path = ASIDownloadCache.h; sourceTree = "<group>"; };
		470E680C1882C6FE001A0272 /* ASIDownloadCache.m */ = {isa = PBXFileReference; fileEncoding = 4; lastKnownFileType = sourcecode.c.objc; path = ASIDownloadCache.m; sourceTree = "<group>"; };
		470E680D1882C6FE001A0272 /* ASIFormDataRequest.h */ = {isa = PBXFileReference; fileEncoding = 4; lastKnownFileType = sourcecode.c.h; path = ASIFormDataRequest.h; sourceTree = "<group>"; };
		470E680E1882C6FE001A0272 /* ASIFormDataRequest.m */ = {isa = PBXFileReference; fileEncoding = 4; lastKnownFileType = sourcecode.c.objc; path = ASIFormDataRequest.m; sourceTree = "<group>"; };
		470E680F1882C6FE001A0272 /* ASIHTTPRequest.h */ = {isa = PBXFileReference; fileEncoding = 4; lastKnownFileType = sourcecode.c.h; path = ASIHTTPRequest.h; sourceTree = "<group>"; };
		470E68101882C6FE001A0272 /* ASIHTTPRequest.m */ = {isa = PBXFileReference; fileEncoding = 4; lastKnownFileType = sourcecode.c.objc; path = ASIHTTPRequest.m; sourceTree = "<group>"; };
		470E68111882C6FE001A0272 /* ASIHTTPRequestConfig.h */ = {isa = PBXFileReference; fileEncoding = 4; lastKnownFileType = sourcecode.c.h; path = ASIHTTPRequestConfig.h; sourceTree = "<group>"; };
		470E68121882C6FE001A0272 /* ASIHTTPRequestDelegate.h */ = {isa = PBXFileReference; fileEncoding = 4; lastKnownFileType = sourcecode.c.h; path = ASIHTTPRequestDelegate.h; sourceTree = "<group>"; };
		470E68131882C6FE001A0272 /* ASIInputStream.h */ = {isa = PBXFileReference; fileEncoding = 4; lastKnownFileType = sourcecode.c.h; path = ASIInputStream.h; sourceTree = "<group>"; };
		470E68141882C6FE001A0272 /* ASIInputStream.m */ = {isa = PBXFileReference; fileEncoding = 4; lastKnownFileType = sourcecode.c.objc; path = ASIInputStream.m; sourceTree = "<group>"; };
		470E68151882C6FE001A0272 /* ASINetworkQueue.h */ = {isa = PBXFileReference; fileEncoding = 4; lastKnownFileType = sourcecode.c.h; path = ASINetworkQueue.h; sourceTree = "<group>"; };
		470E68161882C6FE001A0272 /* ASINetworkQueue.m */ = {isa = PBXFileReference; fileEncoding = 4; lastKnownFileType = sourcecode.c.objc; path = ASINetworkQueue.m; sourceTree = "<group>"; };
		470E68171882C6FE001A0272 /* ASIProgressDelegate.h */ = {isa = PBXFileReference; fileEncoding = 4; lastKnownFileType = sourcecode.c.h; path = ASIProgressDelegate.h; sourceTree = "<group>"; };
		470E68181882C6FE001A0272 /* ASIWebPageRequest */ = {isa = PBXFileReference; lastKnownFileType = folder; path = ASIWebPageRequest; sourceTree = "<group>"; };
		470E68191882C6FE001A0272 /* CloudFiles */ = {isa = PBXFileReference; lastKnownFileType = folder; path = CloudFiles; sourceTree = "<group>"; };
		470E681A1882C6FE001A0272 /* S3 */ = {isa = PBXFileReference; lastKnownFileType = folder; path = S3; sourceTree = "<group>"; };
		470E682B1882C91B001A0272 /* libz.dylib */ = {isa = PBXFileReference; lastKnownFileType = "compiled.mach-o.dylib"; name = libz.dylib; path = usr/lib/libz.dylib; sourceTree = SDKROOT; };
		4732B95F15FCCF7C00CB7C2B /* RegIP.app */ = {isa = PBXFileReference; explicitFileType = wrapper.application; includeInIndex = 0; path = RegIP.app; sourceTree = BUILT_PRODUCTS_DIR; };
		4732B96315FCCF7C00CB7C2B /* Cocoa.framework */ = {isa = PBXFileReference; lastKnownFileType = wrapper.framework; name = Cocoa.framework; path = System/Library/Frameworks/Cocoa.framework; sourceTree = SDKROOT; };
		4732B96615FCCF7C00CB7C2B /* AppKit.framework */ = {isa = PBXFileReference; lastKnownFileType = wrapper.framework; name = AppKit.framework; path = System/Library/Frameworks/AppKit.framework; sourceTree = SDKROOT; };
		4732B96815FCCF7C00CB7C2B /* Foundation.framework */ = {isa = PBXFileReference; lastKnownFileType = wrapper.framework; name = Foundation.framework; path = System/Library/Frameworks/Foundation.framework; sourceTree = SDKROOT; };
		4732B96B15FCCF7C00CB7C2B /* RegIP-Info.plist */ = {isa = PBXFileReference; lastKnownFileType = text.plist.xml; path = "RegIP-Info.plist"; sourceTree = "<group>"; };
		4732B96D15FCCF7C00CB7C2B /* en */ = {isa = PBXFileReference; lastKnownFileType = text.plist.strings; name = en; path = en.lproj/InfoPlist.strings; sourceTree = "<group>"; };
		4732B96F15FCCF7C00CB7C2B /* main.m */ = {isa = PBXFileReference; lastKnownFileType = sourcecode.c.objc; path = main.m; sourceTree = "<group>"; };
		4732B97115FCCF7C00CB7C2B /* RegIP-Prefix.pch */ = {isa = PBXFileReference; lastKnownFileType = sourcecode.c.h; path = "RegIP-Prefix.pch"; sourceTree = "<group>"; };
		4732B97315FCCF7C00CB7C2B /* en */ = {isa = PBXFileReference; lastKnownFileType = text.rtf; name = en; path = en.lproj/Credits.rtf; sourceTree = "<group>"; };
		4732B97515FCCF7C00CB7C2B /* AppDelegate.h */ = {isa = PBXFileReference; lastKnownFileType = sourcecode.c.h; path = AppDelegate.h; sourceTree = "<group>"; };
		4732B97615FCCF7C00CB7C2B /* AppDelegate.m */ = {isa = PBXFileReference; lastKnownFileType = sourcecode.c.objc; path = AppDelegate.m; sourceTree = "<group>"; };
		4732B97915FCCF7C00CB7C2B /* en */ = {isa = PBXFileReference; lastKnownFileType = file.xib; name = en; path = en.lproj/MainMenu.xib; sourceTree = "<group>"; };
		4732B98C15FCD03500CB7C2B /* Security.framework */ = {isa = PBXFileReference; lastKnownFileType = wrapper.framework; name = Security.framework; path = System/Library/Frameworks/Security.framework; sourceTree = SDKROOT; };
		4732B99615FCD76400CB7C2B /* icon.icns */ = {isa = PBXFileReference; lastKnownFileType = image.icns; name = icon.icns; path = ../icon.icns; sourceTree = "<group>"; };
		4732B99815FCD85E00CB7C2B /* README */ = {isa = PBXFileReference; fileEncoding = 4; lastKnownFileType = text; path = README; sourceTree = "<group>"; };
		47874A9B1882EF2400BB4DC6 /* RegIP.entitlements */ = {isa = PBXFileReference; lastKnownFileType = text.xml; path = RegIP.entitlements; sourceTree = "<group>"; };
		47A5D9E41877E49500424D9E /* API.h */ = {isa = PBXFileReference; lastKnownFileType = sourcecode.c.h; path = API.h; sourceTree = "<group>"; };
		47E271961901424200304DED /* icon@2x.icns */ = {isa = PBXFileReference; lastKnownFileType = image.icns; path = "icon@2x.icns"; sourceTree = SOURCE_ROOT; };
		47E271981901479F00304DED /* Images.xcassets */ = {isa = PBXFileReference; lastKnownFileType = folder.assetcatalog; path = Images.xcassets; sourceTree = "<group>"; };
/* End PBXFileReference section */

/* Begin PBXFrameworksBuildPhase section */
		4732B95C15FCCF7C00CB7C2B /* Frameworks */ = {
			isa = PBXFrameworksBuildPhase;
			buildActionMask = 2147483647;
			files = (
				470E682C1882C91B001A0272 /* libz.dylib in Frameworks */,
				470E68031882C6D1001A0272 /* CoreServices.framework in Frameworks */,
				470E68011882C6C1001A0272 /* SystemConfiguration.framework in Frameworks */,
				470E67FF1882C664001A0272 /* CFNetwork.framework in Frameworks */,
				4775A904187EDAED006D7E5C /* Foundation.framework in Frameworks */,
				4732B98D15FCD03500CB7C2B /* Security.framework in Frameworks */,
				4732B96415FCCF7C00CB7C2B /* Cocoa.framework in Frameworks */,
			);
			runOnlyForDeploymentPostprocessing = 0;
		};
/* End PBXFrameworksBuildPhase section */

/* Begin PBXGroup section */
		470E68261882C70D001A0272 /* ASIHTTPRequest */ = {
			isa = PBXGroup;
			children = (
				470E68061882C6FE001A0272 /* ASICacheDelegate.h */,
				470E68071882C6FE001A0272 /* ASIDataCompressor.h */,
				470E68081882C6FE001A0272 /* ASIDataCompressor.m */,
				470E68091882C6FE001A0272 /* ASIDataDecompressor.h */,
				470E680A1882C6FE001A0272 /* ASIDataDecompressor.m */,
				470E680B1882C6FE001A0272 /* ASIDownloadCache.h */,
				470E680C1882C6FE001A0272 /* ASIDownloadCache.m */,
				470E680D1882C6FE001A0272 /* ASIFormDataRequest.h */,
				470E680E1882C6FE001A0272 /* ASIFormDataRequest.m */,
				470E680F1882C6FE001A0272 /* ASIHTTPRequest.h */,
				470E68101882C6FE001A0272 /* ASIHTTPRequest.m */,
				470E68111882C6FE001A0272 /* ASIHTTPRequestConfig.h */,
				470E68121882C6FE001A0272 /* ASIHTTPRequestDelegate.h */,
				470E68131882C6FE001A0272 /* ASIInputStream.h */,
				470E68141882C6FE001A0272 /* ASIInputStream.m */,
				470E68151882C6FE001A0272 /* ASINetworkQueue.h */,
				470E68161882C6FE001A0272 /* ASINetworkQueue.m */,
				470E68171882C6FE001A0272 /* ASIProgressDelegate.h */,
				470E68181882C6FE001A0272 /* ASIWebPageRequest */,
				470E68191882C6FE001A0272 /* CloudFiles */,
				470E681A1882C6FE001A0272 /* S3 */,
			);
			name = ASIHTTPRequest;
			sourceTree = "<group>";
		};
		4732B95415FCCF7C00CB7C2B = {
			isa = PBXGroup;
			children = (
				4732B99815FCD85E00CB7C2B /* README */,
				4732B96915FCCF7C00CB7C2B /* RegIP */,
				4732B96215FCCF7C00CB7C2B /* Frameworks */,
				4732B96015FCCF7C00CB7C2B /* Products */,
			);
			sourceTree = "<group>";
		};
		4732B96015FCCF7C00CB7C2B /* Products */ = {
			isa = PBXGroup;
			children = (
				4732B95F15FCCF7C00CB7C2B /* RegIP.app */,
			);
			name = Products;
			sourceTree = "<group>";
		};
		4732B96215FCCF7C00CB7C2B /* Frameworks */ = {
			isa = PBXGroup;
			children = (
				470E682B1882C91B001A0272 /* libz.dylib */,
				470E68021882C6D1001A0272 /* CoreServices.framework */,
				470E68001882C6C1001A0272 /* SystemConfiguration.framework */,
				470E67FE1882C664001A0272 /* CFNetwork.framework */,
				470E67F018817A0E001A0272 /* CoreData.framework */,
				4732B98C15FCD03500CB7C2B /* Security.framework */,
				4732B96315FCCF7C00CB7C2B /* Cocoa.framework */,
				4732B96515FCCF7C00CB7C2B /* Other Frameworks */,
			);
			name = Frameworks;
			sourceTree = "<group>";
		};
		4732B96515FCCF7C00CB7C2B /* Other Frameworks */ = {
			isa = PBXGroup;
			children = (
				4732B96615FCCF7C00CB7C2B /* AppKit.framework */,
				4732B96815FCCF7C00CB7C2B /* Foundation.framework */,
			);
			name = "Other Frameworks";
			sourceTree = "<group>";
		};
		4732B96915FCCF7C00CB7C2B /* RegIP */ = {
			isa = PBXGroup;
			children = (
				47874A9B1882EF2400BB4DC6 /* RegIP.entitlements */,
				47A5D9E41877E49500424D9E /* API.h */,
				4732B97515FCCF7C00CB7C2B /* AppDelegate.h */,
				4732B97615FCCF7C00CB7C2B /* AppDelegate.m */,
				4732B97815FCCF7C00CB7C2B /* MainMenu.xib */,
				47E271981901479F00304DED /* Images.xcassets */,
				4732B96A15FCCF7C00CB7C2B /* Supporting Files */,
			);
			path = RegIP;
			sourceTree = "<group>";
		};
		4732B96A15FCCF7C00CB7C2B /* Supporting Files */ = {
			isa = PBXGroup;
			children = (
				470E68261882C70D001A0272 /* ASIHTTPRequest */,
				4732B97215FCCF7C00CB7C2B /* Credits.rtf */,
				4732B99615FCD76400CB7C2B /* icon.icns */,
				47E271961901424200304DED /* icon@2x.icns */,
				4732B96C15FCCF7C00CB7C2B /* InfoPlist.strings */,
				4732B96F15FCCF7C00CB7C2B /* main.m */,
				4732B96B15FCCF7C00CB7C2B /* RegIP-Info.plist */,
				4732B97115FCCF7C00CB7C2B /* RegIP-Prefix.pch */,
			);
			name = "Supporting Files";
			sourceTree = "<group>";
		};
/* End PBXGroup section */

/* Begin PBXNativeTarget section */
		4732B95E15FCCF7C00CB7C2B /* RegIP */ = {
			isa = PBXNativeTarget;
			buildConfigurationList = 4732B97D15FCCF7C00CB7C2B /* Build configuration list for PBXNativeTarget "RegIP" */;
			buildPhases = (
				4732B95B15FCCF7C00CB7C2B /* Sources */,
				4732B95C15FCCF7C00CB7C2B /* Frameworks */,
				4732B95D15FCCF7C00CB7C2B /* Resources */,
			);
			buildRules = (
			);
			dependencies = (
			);
			name = RegIP;
			productName = RegIP;
			productReference = 4732B95F15FCCF7C00CB7C2B /* RegIP.app */;
			productType = "com.apple.product-type.application";
		};
/* End PBXNativeTarget section */

/* Begin PBXProject section */
		4732B95615FCCF7C00CB7C2B /* Project object */ = {
			isa = PBXProject;
			attributes = {
				LastUpgradeCheck = 0510;
				ORGANIZATIONNAME = "HT&L";
				TargetAttributes = {
					4732B95E15FCCF7C00CB7C2B = {
						DevelopmentTeam = HR66SGQEZ4;
						SystemCapabilities = {
							com.apple.Sandbox = {
								enabled = 1;
							};
						};
					};
				};
			};
			buildConfigurationList = 4732B95915FCCF7C00CB7C2B /* Build configuration list for PBXProject "RegIP" */;
			compatibilityVersion = "Xcode 3.2";
			developmentRegion = English;
			hasScannedForEncodings = 0;
			knownRegions = (
				en,
			);
			mainGroup = 4732B95415FCCF7C00CB7C2B;
			productRefGroup = 4732B96015FCCF7C00CB7C2B /* Products */;
			projectDirPath = "";
			projectRoot = "";
			targets = (
				4732B95E15FCCF7C00CB7C2B /* RegIP */,
			);
		};
/* End PBXProject section */

/* Begin PBXResourcesBuildPhase section */
		4732B95D15FCCF7C00CB7C2B /* Resources */ = {
			isa = PBXResourcesBuildPhase;
			buildActionMask = 2147483647;
			files = (
				470E68251882C6FE001A0272 /* S3 in Resources */,
				47E271991901479F00304DED /* Images.xcassets in Resources */,
				4732B96E15FCCF7C00CB7C2B /* InfoPlist.strings in Resources */,
				4732B97415FCCF7C00CB7C2B /* Credits.rtf in Resources */,
				4732B97A15FCCF7C00CB7C2B /* MainMenu.xib in Resources */,
				4732B99715FCD76400CB7C2B /* icon.icns in Resources */,
				470E68241882C6FE001A0272 /* CloudFiles in Resources */,
				47E271971901424200304DED /* icon@2x.icns in Resources */,
				470E68231882C6FE001A0272 /* ASIWebPageRequest in Resources */,
				4732B99915FCD85E00CB7C2B /* README in Resources */,
			);
			runOnlyForDeploymentPostprocessing = 0;
		};
/* End PBXResourcesBuildPhase section */

/* Begin PBXSourcesBuildPhase section */
		4732B95B15FCCF7C00CB7C2B /* Sources */ = {
			isa = PBXSourcesBuildPhase;
			buildActionMask = 2147483647;
			files = (
				470E681F1882C6FE001A0272 /* ASIFormDataRequest.m in Sources */,
				470E68201882C6FE001A0272 /* ASIHTTPRequest.m in Sources */,
				4732B97015FCCF7C00CB7C2B /* main.m in Sources */,
				470E68221882C6FE001A0272 /* ASINetworkQueue.m in Sources */,
				470E681E1882C6FE001A0272 /* ASIDownloadCache.m in Sources */,
				470E68211882C6FE001A0272 /* ASIInputStream.m in Sources */,
				470E681C1882C6FE001A0272 /* ASIDataCompressor.m in Sources */,
				4732B97715FCCF7C00CB7C2B /* AppDelegate.m in Sources */,
				470E681D1882C6FE001A0272 /* ASIDataDecompressor.m in Sources */,
			);
			runOnlyForDeploymentPostprocessing = 0;
		};
/* End PBXSourcesBuildPhase section */

/* Begin PBXVariantGroup section */
		4732B96C15FCCF7C00CB7C2B /* InfoPlist.strings */ = {
			isa = PBXVariantGroup;
			children = (
				4732B96D15FCCF7C00CB7C2B /* en */,
			);
			name = InfoPlist.strings;
			sourceTree = "<group>";
		};
		4732B97215FCCF7C00CB7C2B /* Credits.rtf */ = {
			isa = PBXVariantGroup;
			children = (
				4732B97315FCCF7C00CB7C2B /* en */,
			);
			name = Credits.rtf;
			sourceTree = "<group>";
		};
		4732B97815FCCF7C00CB7C2B /* MainMenu.xib */ = {
			isa = PBXVariantGroup;
			children = (
				4732B97915FCCF7C00CB7C2B /* en */,
			);
			name = MainMenu.xib;
			sourceTree = "<group>";
		};
/* End PBXVariantGroup section */

/* Begin XCBuildConfiguration section */
		4732B97B15FCCF7C00CB7C2B /* Debug */ = {
			isa = XCBuildConfiguration;
			buildSettings = {
				ALWAYS_SEARCH_USER_PATHS = NO;
				CLANG_CXX_LANGUAGE_STANDARD = "gnu++0x";
				CLANG_ENABLE_OBJC_ARC = YES;
				CLANG_WARN__DUPLICATE_METHOD_MATCH = YES;
				CODE_SIGN_IDENTITY = "";
				COPY_PHASE_STRIP = NO;
				GCC_C_LANGUAGE_STANDARD = gnu99;
				GCC_DYNAMIC_NO_PIC = NO;
				GCC_ENABLE_OBJC_EXCEPTIONS = YES;
				GCC_OPTIMIZATION_LEVEL = 0;
				GCC_PREPROCESSOR_DEFINITIONS = (
					"DEBUG=1",
					"$(inherited)",
				);
				GCC_SYMBOLS_PRIVATE_EXTERN = NO;
				GCC_WARN_64_TO_32_BIT_CONVERSION = YES;
				GCC_WARN_ABOUT_RETURN_TYPE = YES;
				GCC_WARN_UNINITIALIZED_AUTOS = YES;
				GCC_WARN_UNUSED_VARIABLE = YES;
				MACOSX_DEPLOYMENT_TARGET = 10.7;
				ONLY_ACTIVE_ARCH = YES;
				OTHER_LDFLAGS = "-lsqlite3";
				PROVISIONING_PROFILE = "EC561C1E-87F0-462D-B0BE-B5289D30FFA2";
				SDKROOT = macosx;
			};
			name = Debug;
		};
		4732B97C15FCCF7C00CB7C2B /* Release */ = {
			isa = XCBuildConfiguration;
			buildSettings = {
				ALWAYS_SEARCH_USER_PATHS = NO;
				CLANG_CXX_LANGUAGE_STANDARD = "gnu++0x";
				CLANG_ENABLE_OBJC_ARC = YES;
				CLANG_WARN__DUPLICATE_METHOD_MATCH = YES;
				CODE_SIGN_IDENTITY = "";
				COPY_PHASE_STRIP = YES;
				DEBUG_INFORMATION_FORMAT = "dwarf-with-dsym";
				GCC_C_LANGUAGE_STANDARD = gnu99;
				GCC_ENABLE_OBJC_EXCEPTIONS = YES;
				GCC_WARN_64_TO_32_BIT_CONVERSION = YES;
				GCC_WARN_ABOUT_RETURN_TYPE = YES;
				GCC_WARN_UNINITIALIZED_AUTOS = YES;
				GCC_WARN_UNUSED_VARIABLE = YES;
				MACOSX_DEPLOYMENT_TARGET = 10.7;
				OTHER_LDFLAGS = "-lsqlite3";
				PROVISIONING_PROFILE = "EC561C1E-87F0-462D-B0BE-B5289D30FFA2";
				SDKROOT = macosx;
			};
			name = Release;
		};
		4732B97E15FCCF7C00CB7C2B /* Debug */ = {
			isa = XCBuildConfiguration;
			buildSettings = {
				CLANG_ENABLE_OBJC_ARC = YES;
				CODE_SIGN_ENTITLEMENTS = RegIP/RegIP.entitlements;
				CODE_SIGN_IDENTITY = "Mac Developer";
				"CODE_SIGN_IDENTITY[sdk=macosx*]" = "";
				COMBINE_HIDPI_IMAGES = YES;
				DEBUG_INFORMATION_FORMAT = "dwarf-with-dsym";
				GCC_PRECOMPILE_PREFIX_HEADER = YES;
				GCC_PREFIX_HEADER = "RegIP/RegIP-Prefix.pch";
				INFOPLIST_FILE = "RegIP/RegIP-Info.plist";
				MACOSX_DEPLOYMENT_TARGET = 10.7;
				ONLY_ACTIVE_ARCH = YES;
				PRODUCT_NAME = "$(TARGET_NAME)";
				PROVISIONING_PROFILE = "EC561C1E-87F0-462D-B0BE-B5289D30FFA2";
				SDKROOT = macosx;
				WRAPPER_EXTENSION = app;
			};
			name = Debug;
		};
		4732B97F15FCCF7C00CB7C2B /* Release */ = {
			isa = XCBuildConfiguration;
			buildSettings = {
				CLANG_ENABLE_OBJC_ARC = YES;
				CODE_SIGN_ENTITLEMENTS = RegIP/RegIP.entitlements;
				CODE_SIGN_IDENTITY = "Mac Developer";
				"CODE_SIGN_IDENTITY[sdk=macosx*]" = "";
				COMBINE_HIDPI_IMAGES = YES;
				DEBUG_INFORMATION_FORMAT = "dwarf-with-dsym";
				GCC_PRECOMPILE_PREFIX_HEADER = YES;
				GCC_PREFIX_HEADER = "RegIP/RegIP-Prefix.pch";
				INFOPLIST_FILE = "RegIP/RegIP-Info.plist";
				MACOSX_DEPLOYMENT_TARGET = 10.7;
				ONLY_ACTIVE_ARCH = YES;
				PRODUCT_NAME = "$(TARGET_NAME)";
				PROVISIONING_PROFILE = "EC561C1E-87F0-462D-B0BE-B5289D30FFA2";
				SDKROOT = macosx;
				WRAPPER_EXTENSION = app;
			};
			name = Release;
		};
/* End XCBuildConfiguration section */

/* Begin XCConfigurationList section */
		4732B95915FCCF7C00CB7C2B /* Build configuration list for PBXProject "RegIP" */ = {
			isa = XCConfigurationList;
			buildConfigurations = (
				4732B97B15FCCF7C00CB7C2B /* Debug */,
				4732B97C15FCCF7C00CB7C2B /* Release */,
			);
			defaultConfigurationIsVisible = 0;
			defaultConfigurationName = Release;
		};
		4732B97D15FCCF7C00CB7C2B /* Build configuration list for PBXNativeTarget "RegIP" */ = {
			isa = XCConfigurationList;
			buildConfigurations = (
				4732B97E15FCCF7C00CB7C2B /* Debug */,
				4732B97F15FCCF7C00CB7C2B /* Release */,
			);
			defaultConfigurationIsVisible = 0;
			defaultConfigurationName = Release;
		};
/* End XCConfigurationList section */
	};
	rootObject = 4732B95615FCCF7C00CB7C2B /* Project object */;
}
